
Microsoft Visual Studio Solution File, Format Version 12.00
# Visual Studio Version 17
VisualStudioVersion = 17.11.35303.130
MinimumVisualStudioVersion = 10.0.40219.1
Project("{FAE04EC0-301F-11D3-BF4B-00C04F79EFBC}") = "DemoGenerics", "DemoGenerics\DemoGenerics.csproj", "{CE1958A1-2FE7-426B-A2DA-A345E209CB2C}"
EndProject
Global
	GlobalSection(SolutionConfigurationPlatforms) = preSolution
		Debug|Any CPU = Debug|Any CPU
		Release|Any CPU = Release|Any CPU
	EndGlobalSection
	GlobalSection(ProjectConfigurationPlatforms) = postSolution
		{CE1958A1-2FE7-426B-A2DA-A345E209CB2C}.Debug|Any CPU.ActiveCfg = Debug|Any CPU
		{CE1958A1-2FE7-426B-A2DA-A345E209CB2C}.Debug|Any CPU.Build.0 = Debug|Any CPU
		{CE1958A1-2FE7-426B-A2DA-A345E209CB2C}.Release|Any CPU.ActiveCfg = Release|Any CPU
		{CE1958A1-2FE7-426B-A2DA-A345E209CB2C}.Release|Any CPU.Build.0 = Release|Any CPU
	EndGlobalSection
	GlobalSection(SolutionProperties) = preSolution
		HideSolutionNode = FALSE
	EndGlobalSection
	GlobalSection(ExtensibilityGlobals) = postSolution
		SolutionGuid = {B51D2B6A-BD08-4B66-839C-E548583EBDBB}
	EndGlobalSection
EndGlobal
